
Microsoft Visual Studio Solution File, Format Version 12.00
# Visual Studio 14
VisualStudioVersion = 14.0.24720.0
MinimumVisualStudioVersion = 10.0.40219.1
Project("{FAE04EC0-301F-11D3-BF4B-00C04F79EFBC}") = "Microsoft.WindowsAzure.Mobile.Files", "src\Microsoft.WindowsAzure.Mobile.Files\Microsoft.WindowsAzure.Mobile.Files.csproj", "{5B3BEA58-EE5D-467C-9906-30176C0D4740}"
EndProject
Project("{FAE04EC0-301F-11D3-BF4B-00C04F79EFBC}") = "Microsoft.WindowsAzure.Mobile.Files.iOSClassic", "src\Microsoft.WindowsAzure.Mobile.Files.iOSClassic\Microsoft.WindowsAzure.Mobile.Files.iOSClassic.csproj", "{D994FE0E-1E67-4D14-86E4-7ED5BC6129BC}"
EndProject
Project("{FAE04EC0-301F-11D3-BF4B-00C04F79EFBC}") = "Microsoft.WindowsAzure.Mobile.Files.Android", "src\Microsoft.WindowsAzure.Mobile.Files.Android\Microsoft.WindowsAzure.Mobile.Files.Android.csproj", "{A8392497-FB01-4FC2-B8BE-D9444CCD8F12}"
EndProject
Project("{FAE04EC0-301F-11D3-BF4B-00C04F79EFBC}") = "Microsoft.WindowsAzure.Mobile.Files.iOS", "src\Microsoft.WindowsAzure.Mobile.Files.iOS\Microsoft.WindowsAzure.Mobile.Files.iOS.csproj", "{40400E4B-22A1-4E17-9C93-4A01D687A7B6}"
EndProject
Project("{2150E333-8FDC-42A3-9474-1A3956D46DE8}") = "test", "test", "{E25A4CD5-CD58-42CE-8A01-99C15263F98E}"
EndProject
Project("{FAE04EC0-301F-11D3-BF4B-00C04F79EFBC}") = "Microsoft.WindowsAzure.Mobile.Files.Test", "test\Microsoft.WindowsAzure.Mobile.Files.Test\Microsoft.WindowsAzure.Mobile.Files.Test.csproj", "{CCE65918-6354-48AA-827E-18B81EF49F81}"
EndProject
Project("{2150E333-8FDC-42A3-9474-1A3956D46DE8}") = "src", "src", "{F5301BCB-39A0-4648-8B21-B903D4BF27A5}"
EndProject
Project("{D954291E-2A0B-460D-934E-DC6B0785DB48}") = "Microsoft.WindowsAzure.Mobile.Files.Shared", "src\Microsoft.WindowsAzure.Mobile.Files.Shared\Microsoft.WindowsAzure.Mobile.Files.Shared.shproj", "{43D5F13A-0CF6-4417-A352-D23701AECE79}"
EndProject
Project("{FAE04EC0-301F-11D3-BF4B-00C04F79EFBC}") = "Microsoft.WindowsAzure.Mobile.Files.WinApps", "src\Microsoft.WindowsAzure.Mobile.Files.WinApps\Microsoft.WindowsAzure.Mobile.Files.WinApps.csproj", "{0E626C17-F046-4375-95A7-8D14566E2A85}"
EndProject
Project("{FAE04EC0-301F-11D3-BF4B-00C04F79EFBC}") = "Microsoft.WindowsAzure.Mobile.Files.Net", "src\Microsoft.WindowsAzure.Mobile.Files.Net\Microsoft.WindowsAzure.Mobile.Files.Net.csproj", "{9CB02373-DFB1-43B6-A265-1329F0C9C4E8}"
EndProject
Global
	GlobalSection(SharedMSBuildProjectFiles) = preSolution
		src\Microsoft.WindowsAzure.Mobile.Files.Shared\Microsoft.WindowsAzure.Mobile.Files.Shared.projitems*{a8392497-fb01-4fc2-b8be-d9444ccd8f12}*SharedItemsImports = 4
		src\Microsoft.WindowsAzure.Mobile.Files.Shared\Microsoft.WindowsAzure.Mobile.Files.Shared.projitems*{43d5f13a-0cf6-4417-a352-d23701aece79}*SharedItemsImports = 13
		src\Microsoft.WindowsAzure.Mobile.Files.Shared\Microsoft.WindowsAzure.Mobile.Files.Shared.projitems*{d994fe0e-1e67-4d14-86e4-7ed5bc6129bc}*SharedItemsImports = 4
		src\Microsoft.WindowsAzure.Mobile.Files.Shared\Microsoft.WindowsAzure.Mobile.Files.Shared.projitems*{40400e4b-22a1-4e17-9c93-4a01d687a7b6}*SharedItemsImports = 4
		src\Microsoft.WindowsAzure.Mobile.Files.Shared\Microsoft.WindowsAzure.Mobile.Files.Shared.projitems*{9cb02373-dfb1-43b6-a265-1329f0c9c4e8}*SharedItemsImports = 4
		src\Microsoft.WindowsAzure.Mobile.Files.Shared\Microsoft.WindowsAzure.Mobile.Files.Shared.projitems*{0e626c17-f046-4375-95a7-8d14566e2a85}*SharedItemsImports = 4
	EndGlobalSection
	GlobalSection(SolutionConfigurationPlatforms) = preSolution
		Ad-Hoc|Any CPU = Ad-Hoc|Any CPU
		Ad-Hoc|ARM = Ad-Hoc|ARM
		Ad-Hoc|iPhone = Ad-Hoc|iPhone
		Ad-Hoc|iPhoneSimulator = Ad-Hoc|iPhoneSimulator
		Ad-Hoc|Mixed Platforms = Ad-Hoc|Mixed Platforms
		Ad-Hoc|x64 = Ad-Hoc|x64
		Ad-Hoc|x86 = Ad-Hoc|x86
		AppStore|Any CPU = AppStore|Any CPU
		AppStore|ARM = AppStore|ARM
		AppStore|iPhone = AppStore|iPhone
		AppStore|iPhoneSimulator = AppStore|iPhoneSimulator
		AppStore|Mixed Platforms = AppStore|Mixed Platforms
		AppStore|x64 = AppStore|x64
		AppStore|x86 = AppStore|x86
		Debug|Any CPU = Debug|Any CPU
		Debug|ARM = Debug|ARM
		Debug|iPhone = Debug|iPhone
		Debug|iPhoneSimulator = Debug|iPhoneSimulator
		Debug|Mixed Platforms = Debug|Mixed Platforms
		Debug|x64 = Debug|x64
		Debug|x86 = Debug|x86
		Release|Any CPU = Release|Any CPU
		Release|ARM = Release|ARM
		Release|iPhone = Release|iPhone
		Release|iPhoneSimulator = Release|iPhoneSimulator
		Release|Mixed Platforms = Release|Mixed Platforms
		Release|x64 = Release|x64
		Release|x86 = Release|x86
	EndGlobalSection
	GlobalSection(ProjectConfigurationPlatforms) = postSolution
		{5B3BEA58-EE5D-467C-9906-30176C0D4740}.Ad-Hoc|Any CPU.ActiveCfg = Release|Any CPU
		{5B3BEA58-EE5D-467C-9906-30176C0D4740}.Ad-Hoc|Any CPU.Build.0 = Release|Any CPU
		{5B3BEA58-EE5D-467C-9906-30176C0D4740}.Ad-Hoc|ARM.ActiveCfg = Release|Any CPU
		{5B3BEA58-EE5D-467C-9906-30176C0D4740}.Ad-Hoc|iPhone.ActiveCfg = Release|Any CPU
		{5B3BEA58-EE5D-467C-9906-30176C0D4740}.Ad-Hoc|iPhoneSimulator.ActiveCfg = Release|Any CPU
		{5B3BEA58-EE5D-467C-9906-30176C0D4740}.Ad-Hoc|Mixed Platforms.ActiveCfg = Release|Any CPU
		{5B3BEA58-EE5D-467C-9906-30176C0D4740}.Ad-Hoc|Mixed Platforms.Build.0 = Release|Any CPU
		{5B3BEA58-EE5D-467C-9906-30176C0D4740}.Ad-Hoc|x64.ActiveCfg = Debug|Any CPU
		{5B3BEA58-EE5D-467C-9906-30176C0D4740}.Ad-Hoc|x64.Build.0 = Debug|Any CPU
		{5B3BEA58-EE5D-467C-9906-30176C0D4740}.Ad-Hoc|x86.ActiveCfg = Release|Any CPU
		{5B3BEA58-EE5D-467C-9906-30176C0D4740}.AppStore|Any CPU.ActiveCfg = Release|Any CPU
		{5B3BEA58-EE5D-467C-9906-30176C0D4740}.AppStore|Any CPU.Build.0 = Release|Any CPU
		{5B3BEA58-EE5D-467C-9906-30176C0D4740}.AppStore|ARM.ActiveCfg = Release|Any CPU
		{5B3BEA58-EE5D-467C-9906-30176C0D4740}.AppStore|iPhone.ActiveCfg = Release|Any CPU
		{5B3BEA58-EE5D-467C-9906-30176C0D4740}.AppStore|iPhoneSimulator.ActiveCfg = Release|Any CPU
		{5B3BEA58-EE5D-467C-9906-30176C0D4740}.AppStore|Mixed Platforms.ActiveCfg = Release|Any CPU
		{5B3BEA58-EE5D-467C-9906-30176C0D4740}.AppStore|Mixed Platforms.Build.0 = Release|Any CPU
		{5B3BEA58-EE5D-467C-9906-30176C0D4740}.AppStore|x64.ActiveCfg = Debug|Any CPU
		{5B3BEA58-EE5D-467C-9906-30176C0D4740}.AppStore|x64.Build.0 = Debug|Any CPU
		{5B3BEA58-EE5D-467C-9906-30176C0D4740}.AppStore|x86.ActiveCfg = Release|Any CPU
		{5B3BEA58-EE5D-467C-9906-30176C0D4740}.Debug|Any CPU.ActiveCfg = Debug|Any CPU
		{5B3BEA58-EE5D-467C-9906-30176C0D4740}.Debug|Any CPU.Build.0 = Debug|Any CPU
		{5B3BEA58-EE5D-467C-9906-30176C0D4740}.Debug|ARM.ActiveCfg = Debug|Any CPU
		{5B3BEA58-EE5D-467C-9906-30176C0D4740}.Debug|iPhone.ActiveCfg = Debug|Any CPU
		{5B3BEA58-EE5D-467C-9906-30176C0D4740}.Debug|iPhone.Build.0 = Debug|Any CPU
		{5B3BEA58-EE5D-467C-9906-30176C0D4740}.Debug|iPhoneSimulator.ActiveCfg = Debug|Any CPU
		{5B3BEA58-EE5D-467C-9906-30176C0D4740}.Debug|Mixed Platforms.ActiveCfg = Debug|Any CPU
		{5B3BEA58-EE5D-467C-9906-30176C0D4740}.Debug|Mixed Platforms.Build.0 = Debug|Any CPU
		{5B3BEA58-EE5D-467C-9906-30176C0D4740}.Debug|x64.ActiveCfg = Debug|Any CPU
		{5B3BEA58-EE5D-467C-9906-30176C0D4740}.Debug|x64.Build.0 = Debug|Any CPU
		{5B3BEA58-EE5D-467C-9906-30176C0D4740}.Debug|x86.ActiveCfg = Debug|Any CPU
		{5B3BEA58-EE5D-467C-9906-30176C0D4740}.Release|Any CPU.ActiveCfg = Release|Any CPU
		{5B3BEA58-EE5D-467C-9906-30176C0D4740}.Release|Any CPU.Build.0 = Release|Any CPU
		{5B3BEA58-EE5D-467C-9906-30176C0D4740}.Release|ARM.ActiveCfg = Release|Any CPU
		{5B3BEA58-EE5D-467C-9906-30176C0D4740}.Release|iPhone.ActiveCfg = Release|Any CPU
		{5B3BEA58-EE5D-467C-9906-30176C0D4740}.Release|iPhone.Build.0 = Release|Any CPU
		{5B3BEA58-EE5D-467C-9906-30176C0D4740}.Release|iPhoneSimulator.ActiveCfg = Release|Any CPU
		{5B3BEA58-EE5D-467C-9906-30176C0D4740}.Release|Mixed Platforms.ActiveCfg = Release|Any CPU
		{5B3BEA58-EE5D-467C-9906-30176C0D4740}.Release|Mixed Platforms.Build.0 = Release|Any CPU
		{5B3BEA58-EE5D-467C-9906-30176C0D4740}.Release|x64.ActiveCfg = Release|Any CPU
		{5B3BEA58-EE5D-467C-9906-30176C0D4740}.Release|x64.Build.0 = Release|Any CPU
		{5B3BEA58-EE5D-467C-9906-30176C0D4740}.Release|x86.ActiveCfg = Release|Any CPU
		{D994FE0E-1E67-4D14-86E4-7ED5BC6129BC}.Ad-Hoc|Any CPU.ActiveCfg = Release|Any CPU
		{D994FE0E-1E67-4D14-86E4-7ED5BC6129BC}.Ad-Hoc|Any CPU.Build.0 = Release|Any CPU
		{D994FE0E-1E67-4D14-86E4-7ED5BC6129BC}.Ad-Hoc|ARM.ActiveCfg = Release|Any CPU
		{D994FE0E-1E67-4D14-86E4-7ED5BC6129BC}.Ad-Hoc|iPhone.ActiveCfg = Release|Any CPU
		{D994FE0E-1E67-4D14-86E4-7ED5BC6129BC}.Ad-Hoc|iPhoneSimulator.ActiveCfg = Release|Any CPU
		{D994FE0E-1E67-4D14-86E4-7ED5BC6129BC}.Ad-Hoc|Mixed Platforms.ActiveCfg = Release|Any CPU
		{D994FE0E-1E67-4D14-86E4-7ED5BC6129BC}.Ad-Hoc|Mixed Platforms.Build.0 = Release|Any CPU
		{D994FE0E-1E67-4D14-86E4-7ED5BC6129BC}.Ad-Hoc|x64.ActiveCfg = Debug|Any CPU
		{D994FE0E-1E67-4D14-86E4-7ED5BC6129BC}.Ad-Hoc|x64.Build.0 = Debug|Any CPU
		{D994FE0E-1E67-4D14-86E4-7ED5BC6129BC}.Ad-Hoc|x86.ActiveCfg = Release|Any CPU
		{D994FE0E-1E67-4D14-86E4-7ED5BC6129BC}.AppStore|Any CPU.ActiveCfg = Release|Any CPU
		{D994FE0E-1E67-4D14-86E4-7ED5BC6129BC}.AppStore|Any CPU.Build.0 = Release|Any CPU
		{D994FE0E-1E67-4D14-86E4-7ED5BC6129BC}.AppStore|ARM.ActiveCfg = Release|Any CPU
		{D994FE0E-1E67-4D14-86E4-7ED5BC6129BC}.AppStore|iPhone.ActiveCfg = Release|Any CPU
		{D994FE0E-1E67-4D14-86E4-7ED5BC6129BC}.AppStore|iPhoneSimulator.ActiveCfg = Release|Any CPU
		{D994FE0E-1E67-4D14-86E4-7ED5BC6129BC}.AppStore|Mixed Platforms.ActiveCfg = Release|Any CPU
		{D994FE0E-1E67-4D14-86E4-7ED5BC6129BC}.AppStore|Mixed Platforms.Build.0 = Release|Any CPU
		{D994FE0E-1E67-4D14-86E4-7ED5BC6129BC}.AppStore|x64.ActiveCfg = Debug|Any CPU
		{D994FE0E-1E67-4D14-86E4-7ED5BC6129BC}.AppStore|x64.Build.0 = Debug|Any CPU
		{D994FE0E-1E67-4D14-86E4-7ED5BC6129BC}.AppStore|x86.ActiveCfg = Release|Any CPU
		{D994FE0E-1E67-4D14-86E4-7ED5BC6129BC}.Debug|Any CPU.ActiveCfg = Debug|Any CPU
		{D994FE0E-1E67-4D14-86E4-7ED5BC6129BC}.Debug|Any CPU.Build.0 = Debug|Any CPU
		{D994FE0E-1E67-4D14-86E4-7ED5BC6129BC}.Debug|ARM.ActiveCfg = Debug|Any CPU
		{D994FE0E-1E67-4D14-86E4-7ED5BC6129BC}.Debug|iPhone.ActiveCfg = Debug|Any CPU
		{D994FE0E-1E67-4D14-86E4-7ED5BC6129BC}.Debug|iPhone.Build.0 = Debug|Any CPU
		{D994FE0E-1E67-4D14-86E4-7ED5BC6129BC}.Debug|iPhoneSimulator.ActiveCfg = Debug|Any CPU
		{D994FE0E-1E67-4D14-86E4-7ED5BC6129BC}.Debug|Mixed Platforms.ActiveCfg = Debug|Any CPU
		{D994FE0E-1E67-4D14-86E4-7ED5BC6129BC}.Debug|Mixed Platforms.Build.0 = Debug|Any CPU
		{D994FE0E-1E67-4D14-86E4-7ED5BC6129BC}.Debug|x64.ActiveCfg = Debug|Any CPU
		{D994FE0E-1E67-4D14-86E4-7ED5BC6129BC}.Debug|x64.Build.0 = Debug|Any CPU
		{D994FE0E-1E67-4D14-86E4-7ED5BC6129BC}.Debug|x86.ActiveCfg = Debug|Any CPU
		{D994FE0E-1E67-4D14-86E4-7ED5BC6129BC}.Release|Any CPU.ActiveCfg = Release|Any CPU
		{D994FE0E-1E67-4D14-86E4-7ED5BC6129BC}.Release|Any CPU.Build.0 = Release|Any CPU
		{D994FE0E-1E67-4D14-86E4-7ED5BC6129BC}.Release|ARM.ActiveCfg = Release|Any CPU
		{D994FE0E-1E67-4D14-86E4-7ED5BC6129BC}.Release|iPhone.ActiveCfg = Release|Any CPU
		{D994FE0E-1E67-4D14-86E4-7ED5BC6129BC}.Release|iPhone.Build.0 = Release|Any CPU
		{D994FE0E-1E67-4D14-86E4-7ED5BC6129BC}.Release|iPhoneSimulator.ActiveCfg = Release|Any CPU
		{D994FE0E-1E67-4D14-86E4-7ED5BC6129BC}.Release|Mixed Platforms.ActiveCfg = Release|Any CPU
		{D994FE0E-1E67-4D14-86E4-7ED5BC6129BC}.Release|Mixed Platforms.Build.0 = Release|Any CPU
		{D994FE0E-1E67-4D14-86E4-7ED5BC6129BC}.Release|x64.ActiveCfg = Release|Any CPU
		{D994FE0E-1E67-4D14-86E4-7ED5BC6129BC}.Release|x64.Build.0 = Release|Any CPU
		{D994FE0E-1E67-4D14-86E4-7ED5BC6129BC}.Release|x86.ActiveCfg = Release|Any CPU
		{A8392497-FB01-4FC2-B8BE-D9444CCD8F12}.Ad-Hoc|Any CPU.ActiveCfg = Release|Any CPU
		{A8392497-FB01-4FC2-B8BE-D9444CCD8F12}.Ad-Hoc|Any CPU.Build.0 = Release|Any CPU
		{A8392497-FB01-4FC2-B8BE-D9444CCD8F12}.Ad-Hoc|ARM.ActiveCfg = Release|Any CPU
		{A8392497-FB01-4FC2-B8BE-D9444CCD8F12}.Ad-Hoc|iPhone.ActiveCfg = Release|Any CPU
		{A8392497-FB01-4FC2-B8BE-D9444CCD8F12}.Ad-Hoc|iPhoneSimulator.ActiveCfg = Release|Any CPU
		{A8392497-FB01-4FC2-B8BE-D9444CCD8F12}.Ad-Hoc|Mixed Platforms.ActiveCfg = Release|Any CPU
		{A8392497-FB01-4FC2-B8BE-D9444CCD8F12}.Ad-Hoc|Mixed Platforms.Build.0 = Release|Any CPU
		{A8392497-FB01-4FC2-B8BE-D9444CCD8F12}.Ad-Hoc|x64.ActiveCfg = Debug|Any CPU
		{A8392497-FB01-4FC2-B8BE-D9444CCD8F12}.Ad-Hoc|x64.Build.0 = Debug|Any CPU
		{A8392497-FB01-4FC2-B8BE-D9444CCD8F12}.Ad-Hoc|x86.ActiveCfg = Release|Any CPU
		{A8392497-FB01-4FC2-B8BE-D9444CCD8F12}.AppStore|Any CPU.ActiveCfg = Release|Any CPU
		{A8392497-FB01-4FC2-B8BE-D9444CCD8F12}.AppStore|Any CPU.Build.0 = Release|Any CPU
		{A8392497-FB01-4FC2-B8BE-D9444CCD8F12}.AppStore|ARM.ActiveCfg = Release|Any CPU
		{A8392497-FB01-4FC2-B8BE-D9444CCD8F12}.AppStore|iPhone.ActiveCfg = Release|Any CPU
		{A8392497-FB01-4FC2-B8BE-D9444CCD8F12}.AppStore|iPhoneSimulator.ActiveCfg = Release|Any CPU
		{A8392497-FB01-4FC2-B8BE-D9444CCD8F12}.AppStore|Mixed Platforms.ActiveCfg = Release|Any CPU
		{A8392497-FB01-4FC2-B8BE-D9444CCD8F12}.AppStore|Mixed Platforms.Build.0 = Release|Any CPU
		{A8392497-FB01-4FC2-B8BE-D9444CCD8F12}.AppStore|x64.ActiveCfg = Debug|Any CPU
		{A8392497-FB01-4FC2-B8BE-D9444CCD8F12}.AppStore|x64.Build.0 = Debug|Any CPU
		{A8392497-FB01-4FC2-B8BE-D9444CCD8F12}.AppStore|x86.ActiveCfg = Release|Any CPU
		{A8392497-FB01-4FC2-B8BE-D9444CCD8F12}.Debug|Any CPU.ActiveCfg = Debug|Any CPU
		{A8392497-FB01-4FC2-B8BE-D9444CCD8F12}.Debug|Any CPU.Build.0 = Debug|Any CPU
		{A8392497-FB01-4FC2-B8BE-D9444CCD8F12}.Debug|ARM.ActiveCfg = Debug|Any CPU
		{A8392497-FB01-4FC2-B8BE-D9444CCD8F12}.Debug|iPhone.ActiveCfg = Debug|Any CPU
		{A8392497-FB01-4FC2-B8BE-D9444CCD8F12}.Debug|iPhone.Build.0 = Debug|Any CPU
		{A8392497-FB01-4FC2-B8BE-D9444CCD8F12}.Debug|iPhoneSimulator.ActiveCfg = Debug|Any CPU
		{A8392497-FB01-4FC2-B8BE-D9444CCD8F12}.Debug|Mixed Platforms.ActiveCfg = Debug|Any CPU
		{A8392497-FB01-4FC2-B8BE-D9444CCD8F12}.Debug|Mixed Platforms.Build.0 = Debug|Any CPU
		{A8392497-FB01-4FC2-B8BE-D9444CCD8F12}.Debug|x64.ActiveCfg = Debug|Any CPU
		{A8392497-FB01-4FC2-B8BE-D9444CCD8F12}.Debug|x64.Build.0 = Debug|Any CPU
		{A8392497-FB01-4FC2-B8BE-D9444CCD8F12}.Debug|x86.ActiveCfg = Debug|Any CPU
		{A8392497-FB01-4FC2-B8BE-D9444CCD8F12}.Release|Any CPU.ActiveCfg = Release|Any CPU
		{A8392497-FB01-4FC2-B8BE-D9444CCD8F12}.Release|Any CPU.Build.0 = Release|Any CPU
		{A8392497-FB01-4FC2-B8BE-D9444CCD8F12}.Release|ARM.ActiveCfg = Release|Any CPU
		{A8392497-FB01-4FC2-B8BE-D9444CCD8F12}.Release|iPhone.ActiveCfg = Release|Any CPU
		{A8392497-FB01-4FC2-B8BE-D9444CCD8F12}.Release|iPhone.Build.0 = Release|Any CPU
		{A8392497-FB01-4FC2-B8BE-D9444CCD8F12}.Release|iPhoneSimulator.ActiveCfg = Release|Any CPU
		{A8392497-FB01-4FC2-B8BE-D9444CCD8F12}.Release|Mixed Platforms.ActiveCfg = Release|Any CPU
		{A8392497-FB01-4FC2-B8BE-D9444CCD8F12}.Release|Mixed Platforms.Build.0 = Release|Any CPU
		{A8392497-FB01-4FC2-B8BE-D9444CCD8F12}.Release|x64.ActiveCfg = Release|Any CPU
		{A8392497-FB01-4FC2-B8BE-D9444CCD8F12}.Release|x64.Build.0 = Release|Any CPU
		{A8392497-FB01-4FC2-B8BE-D9444CCD8F12}.Release|x86.ActiveCfg = Release|Any CPU
		{40400E4B-22A1-4E17-9C93-4A01D687A7B6}.Ad-Hoc|Any CPU.ActiveCfg = Release|Any CPU
		{40400E4B-22A1-4E17-9C93-4A01D687A7B6}.Ad-Hoc|Any CPU.Build.0 = Release|Any CPU
		{40400E4B-22A1-4E17-9C93-4A01D687A7B6}.Ad-Hoc|ARM.ActiveCfg = Release|Any CPU
		{40400E4B-22A1-4E17-9C93-4A01D687A7B6}.Ad-Hoc|iPhone.ActiveCfg = Release|Any CPU
		{40400E4B-22A1-4E17-9C93-4A01D687A7B6}.Ad-Hoc|iPhoneSimulator.ActiveCfg = Release|Any CPU
		{40400E4B-22A1-4E17-9C93-4A01D687A7B6}.Ad-Hoc|Mixed Platforms.ActiveCfg = Release|Any CPU
		{40400E4B-22A1-4E17-9C93-4A01D687A7B6}.Ad-Hoc|Mixed Platforms.Build.0 = Release|Any CPU
		{40400E4B-22A1-4E17-9C93-4A01D687A7B6}.Ad-Hoc|x64.ActiveCfg = Debug|Any CPU
		{40400E4B-22A1-4E17-9C93-4A01D687A7B6}.Ad-Hoc|x64.Build.0 = Debug|Any CPU
		{40400E4B-22A1-4E17-9C93-4A01D687A7B6}.Ad-Hoc|x86.ActiveCfg = Release|Any CPU
		{40400E4B-22A1-4E17-9C93-4A01D687A7B6}.AppStore|Any CPU.ActiveCfg = Release|Any CPU
		{40400E4B-22A1-4E17-9C93-4A01D687A7B6}.AppStore|Any CPU.Build.0 = Release|Any CPU
		{40400E4B-22A1-4E17-9C93-4A01D687A7B6}.AppStore|ARM.ActiveCfg = Release|Any CPU
		{40400E4B-22A1-4E17-9C93-4A01D687A7B6}.AppStore|iPhone.ActiveCfg = Release|Any CPU
		{40400E4B-22A1-4E17-9C93-4A01D687A7B6}.AppStore|iPhoneSimulator.ActiveCfg = Release|Any CPU
		{40400E4B-22A1-4E17-9C93-4A01D687A7B6}.AppStore|Mixed Platforms.ActiveCfg = Release|Any CPU
		{40400E4B-22A1-4E17-9C93-4A01D687A7B6}.AppStore|Mixed Platforms.Build.0 = Release|Any CPU
		{40400E4B-22A1-4E17-9C93-4A01D687A7B6}.AppStore|x64.ActiveCfg = Debug|Any CPU
		{40400E4B-22A1-4E17-9C93-4A01D687A7B6}.AppStore|x64.Build.0 = Debug|Any CPU
		{40400E4B-22A1-4E17-9C93-4A01D687A7B6}.AppStore|x86.ActiveCfg = Release|Any CPU
		{40400E4B-22A1-4E17-9C93-4A01D687A7B6}.Debug|Any CPU.ActiveCfg = Debug|Any CPU
		{40400E4B-22A1-4E17-9C93-4A01D687A7B6}.Debug|Any CPU.Build.0 = Debug|Any CPU
		{40400E4B-22A1-4E17-9C93-4A01D687A7B6}.Debug|ARM.ActiveCfg = Debug|Any CPU
		{40400E4B-22A1-4E17-9C93-4A01D687A7B6}.Debug|iPhone.ActiveCfg = Debug|Any CPU
		{40400E4B-22A1-4E17-9C93-4A01D687A7B6}.Debug|iPhone.Build.0 = Debug|Any CPU
		{40400E4B-22A1-4E17-9C93-4A01D687A7B6}.Debug|iPhoneSimulator.ActiveCfg = Debug|Any CPU
		{40400E4B-22A1-4E17-9C93-4A01D687A7B6}.Debug|Mixed Platforms.ActiveCfg = Debug|Any CPU
		{40400E4B-22A1-4E17-9C93-4A01D687A7B6}.Debug|Mixed Platforms.Build.0 = Debug|Any CPU
		{40400E4B-22A1-4E17-9C93-4A01D687A7B6}.Debug|x64.ActiveCfg = Debug|Any CPU
		{40400E4B-22A1-4E17-9C93-4A01D687A7B6}.Debug|x64.Build.0 = Debug|Any CPU
		{40400E4B-22A1-4E17-9C93-4A01D687A7B6}.Debug|x86.ActiveCfg = Debug|Any CPU
		{40400E4B-22A1-4E17-9C93-4A01D687A7B6}.Release|Any CPU.ActiveCfg = Release|Any CPU
		{40400E4B-22A1-4E17-9C93-4A01D687A7B6}.Release|Any CPU.Build.0 = Release|Any CPU
		{40400E4B-22A1-4E17-9C93-4A01D687A7B6}.Release|ARM.ActiveCfg = Release|Any CPU
		{40400E4B-22A1-4E17-9C93-4A01D687A7B6}.Release|iPhone.ActiveCfg = Release|Any CPU
		{40400E4B-22A1-4E17-9C93-4A01D687A7B6}.Release|iPhone.Build.0 = Release|Any CPU
		{40400E4B-22A1-4E17-9C93-4A01D687A7B6}.Release|iPhoneSimulator.ActiveCfg = Release|Any CPU
		{40400E4B-22A1-4E17-9C93-4A01D687A7B6}.Release|Mixed Platforms.ActiveCfg = Release|Any CPU
		{40400E4B-22A1-4E17-9C93-4A01D687A7B6}.Release|Mixed Platforms.Build.0 = Release|Any CPU
		{40400E4B-22A1-4E17-9C93-4A01D687A7B6}.Release|x64.ActiveCfg = Release|Any CPU
		{40400E4B-22A1-4E17-9C93-4A01D687A7B6}.Release|x64.Build.0 = Release|Any CPU
		{40400E4B-22A1-4E17-9C93-4A01D687A7B6}.Release|x86.ActiveCfg = Release|Any CPU
		{CCE65918-6354-48AA-827E-18B81EF49F81}.Ad-Hoc|Any CPU.ActiveCfg = Release|Any CPU
		{CCE65918-6354-48AA-827E-18B81EF49F81}.Ad-Hoc|Any CPU.Build.0 = Release|Any CPU
		{CCE65918-6354-48AA-827E-18B81EF49F81}.Ad-Hoc|ARM.ActiveCfg = Release|Any CPU
		{CCE65918-6354-48AA-827E-18B81EF49F81}.Ad-Hoc|iPhone.ActiveCfg = Release|Any CPU
		{CCE65918-6354-48AA-827E-18B81EF49F81}.Ad-Hoc|iPhoneSimulator.ActiveCfg = Release|Any CPU
		{CCE65918-6354-48AA-827E-18B81EF49F81}.Ad-Hoc|Mixed Platforms.ActiveCfg = Release|Any CPU
		{CCE65918-6354-48AA-827E-18B81EF49F81}.Ad-Hoc|Mixed Platforms.Build.0 = Release|Any CPU
		{CCE65918-6354-48AA-827E-18B81EF49F81}.Ad-Hoc|x64.ActiveCfg = Debug|Any CPU
		{CCE65918-6354-48AA-827E-18B81EF49F81}.Ad-Hoc|x64.Build.0 = Debug|Any CPU
		{CCE65918-6354-48AA-827E-18B81EF49F81}.Ad-Hoc|x86.ActiveCfg = Release|Any CPU
		{CCE65918-6354-48AA-827E-18B81EF49F81}.AppStore|Any CPU.ActiveCfg = Release|Any CPU
		{CCE65918-6354-48AA-827E-18B81EF49F81}.AppStore|Any CPU.Build.0 = Release|Any CPU
		{CCE65918-6354-48AA-827E-18B81EF49F81}.AppStore|ARM.ActiveCfg = Release|Any CPU
		{CCE65918-6354-48AA-827E-18B81EF49F81}.AppStore|iPhone.ActiveCfg = Release|Any CPU
		{CCE65918-6354-48AA-827E-18B81EF49F81}.AppStore|iPhoneSimulator.ActiveCfg = Release|Any CPU
		{CCE65918-6354-48AA-827E-18B81EF49F81}.AppStore|Mixed Platforms.ActiveCfg = Release|Any CPU
		{CCE65918-6354-48AA-827E-18B81EF49F81}.AppStore|Mixed Platforms.Build.0 = Release|Any CPU
		{CCE65918-6354-48AA-827E-18B81EF49F81}.AppStore|x64.ActiveCfg = Debug|Any CPU
		{CCE65918-6354-48AA-827E-18B81EF49F81}.AppStore|x64.Build.0 = Debug|Any CPU
		{CCE65918-6354-48AA-827E-18B81EF49F81}.AppStore|x86.ActiveCfg = Release|Any CPU
		{CCE65918-6354-48AA-827E-18B81EF49F81}.Debug|Any CPU.ActiveCfg = Debug|Any CPU
		{CCE65918-6354-48AA-827E-18B81EF49F81}.Debug|Any CPU.Build.0 = Debug|Any CPU
		{CCE65918-6354-48AA-827E-18B81EF49F81}.Debug|ARM.ActiveCfg = Debug|Any CPU
		{CCE65918-6354-48AA-827E-18B81EF49F81}.Debug|iPhone.ActiveCfg = Debug|Any CPU
		{CCE65918-6354-48AA-827E-18B81EF49F81}.Debug|iPhone.Build.0 = Debug|Any CPU
		{CCE65918-6354-48AA-827E-18B81EF49F81}.Debug|iPhoneSimulator.ActiveCfg = Debug|Any CPU
		{CCE65918-6354-48AA-827E-18B81EF49F81}.Debug|Mixed Platforms.ActiveCfg = Debug|Any CPU
		{CCE65918-6354-48AA-827E-18B81EF49F81}.Debug|Mixed Platforms.Build.0 = Debug|Any CPU
		{CCE65918-6354-48AA-827E-18B81EF49F81}.Debug|x64.ActiveCfg = Debug|Any CPU
		{CCE65918-6354-48AA-827E-18B81EF49F81}.Debug|x64.Build.0 = Debug|Any CPU
		{CCE65918-6354-48AA-827E-18B81EF49F81}.Debug|x86.ActiveCfg = Debug|Any CPU
		{CCE65918-6354-48AA-827E-18B81EF49F81}.Release|Any CPU.ActiveCfg = Release|Any CPU
		{CCE65918-6354-48AA-827E-18B81EF49F81}.Release|Any CPU.Build.0 = Release|Any CPU
		{CCE65918-6354-48AA-827E-18B81EF49F81}.Release|ARM.ActiveCfg = Release|Any CPU
		{CCE65918-6354-48AA-827E-18B81EF49F81}.Release|iPhone.ActiveCfg = Release|Any CPU
		{CCE65918-6354-48AA-827E-18B81EF49F81}.Release|iPhone.Build.0 = Release|Any CPU
		{CCE65918-6354-48AA-827E-18B81EF49F81}.Release|iPhoneSimulator.ActiveCfg = Release|Any CPU
		{CCE65918-6354-48AA-827E-18B81EF49F81}.Release|Mixed Platforms.ActiveCfg = Release|Any CPU
		{CCE65918-6354-48AA-827E-18B81EF49F81}.Release|Mixed Platforms.Build.0 = Release|Any CPU
		{CCE65918-6354-48AA-827E-18B81EF49F81}.Release|x64.ActiveCfg = Release|Any CPU
		{CCE65918-6354-48AA-827E-18B81EF49F81}.Release|x64.Build.0 = Release|Any CPU
		{CCE65918-6354-48AA-827E-18B81EF49F81}.Release|x86.ActiveCfg = Release|Any CPU
		{0E626C17-F046-4375-95A7-8D14566E2A85}.Ad-Hoc|Any CPU.ActiveCfg = Release|Any CPU
		{0E626C17-F046-4375-95A7-8D14566E2A85}.Ad-Hoc|Any CPU.Build.0 = Release|Any CPU
		{0E626C17-F046-4375-95A7-8D14566E2A85}.Ad-Hoc|ARM.ActiveCfg = Release|Any CPU
		{0E626C17-F046-4375-95A7-8D14566E2A85}.Ad-Hoc|ARM.Build.0 = Release|Any CPU
		{0E626C17-F046-4375-95A7-8D14566E2A85}.Ad-Hoc|iPhone.ActiveCfg = Release|Any CPU
		{0E626C17-F046-4375-95A7-8D14566E2A85}.Ad-Hoc|iPhone.Build.0 = Release|Any CPU
		{0E626C17-F046-4375-95A7-8D14566E2A85}.Ad-Hoc|iPhoneSimulator.ActiveCfg = Release|Any CPU
		{0E626C17-F046-4375-95A7-8D14566E2A85}.Ad-Hoc|iPhoneSimulator.Build.0 = Release|Any CPU
		{0E626C17-F046-4375-95A7-8D14566E2A85}.Ad-Hoc|Mixed Platforms.ActiveCfg = Release|Any CPU
		{0E626C17-F046-4375-95A7-8D14566E2A85}.Ad-Hoc|Mixed Platforms.Build.0 = Release|Any CPU
		{0E626C17-F046-4375-95A7-8D14566E2A85}.Ad-Hoc|x64.ActiveCfg = Release|Any CPU
		{0E626C17-F046-4375-95A7-8D14566E2A85}.Ad-Hoc|x64.Build.0 = Release|Any CPU
		{0E626C17-F046-4375-95A7-8D14566E2A85}.Ad-Hoc|x86.ActiveCfg = Release|Any CPU
		{0E626C17-F046-4375-95A7-8D14566E2A85}.Ad-Hoc|x86.Build.0 = Release|Any CPU
		{0E626C17-F046-4375-95A7-8D14566E2A85}.AppStore|Any CPU.ActiveCfg = Release|Any CPU
		{0E626C17-F046-4375-95A7-8D14566E2A85}.AppStore|Any CPU.Build.0 = Release|Any CPU
		{0E626C17-F046-4375-95A7-8D14566E2A85}.AppStore|ARM.ActiveCfg = Release|Any CPU
		{0E626C17-F046-4375-95A7-8D14566E2A85}.AppStore|ARM.Build.0 = Release|Any CPU
		{0E626C17-F046-4375-95A7-8D14566E2A85}.AppStore|iPhone.ActiveCfg = Release|Any CPU
		{0E626C17-F046-4375-95A7-8D14566E2A85}.AppStore|iPhone.Build.0 = Release|Any CPU
		{0E626C17-F046-4375-95A7-8D14566E2A85}.AppStore|iPhoneSimulator.ActiveCfg = Release|Any CPU
		{0E626C17-F046-4375-95A7-8D14566E2A85}.AppStore|iPhoneSimulator.Build.0 = Release|Any CPU
		{0E626C17-F046-4375-95A7-8D14566E2A85}.AppStore|Mixed Platforms.ActiveCfg = Release|Any CPU
		{0E626C17-F046-4375-95A7-8D14566E2A85}.AppStore|Mixed Platforms.Build.0 = Release|Any CPU
		{0E626C17-F046-4375-95A7-8D14566E2A85}.AppStore|x64.ActiveCfg = Release|Any CPU
		{0E626C17-F046-4375-95A7-8D14566E2A85}.AppStore|x64.Build.0 = Release|Any CPU
		{0E626C17-F046-4375-95A7-8D14566E2A85}.AppStore|x86.ActiveCfg = Release|Any CPU
		{0E626C17-F046-4375-95A7-8D14566E2A85}.AppStore|x86.Build.0 = Release|Any CPU
		{0E626C17-F046-4375-95A7-8D14566E2A85}.Debug|Any CPU.ActiveCfg = Debug|Any CPU
		{0E626C17-F046-4375-95A7-8D14566E2A85}.Debug|Any CPU.Build.0 = Debug|Any CPU
		{0E626C17-F046-4375-95A7-8D14566E2A85}.Debug|ARM.ActiveCfg = Debug|Any CPU
		{0E626C17-F046-4375-95A7-8D14566E2A85}.Debug|ARM.Build.0 = Debug|Any CPU
		{0E626C17-F046-4375-95A7-8D14566E2A85}.Debug|iPhone.ActiveCfg = Debug|Any CPU
		{0E626C17-F046-4375-95A7-8D14566E2A85}.Debug|iPhone.Build.0 = Debug|Any CPU
		{0E626C17-F046-4375-95A7-8D14566E2A85}.Debug|iPhoneSimulator.ActiveCfg = Debug|Any CPU
		{0E626C17-F046-4375-95A7-8D14566E2A85}.Debug|iPhoneSimulator.Build.0 = Debug|Any CPU
		{0E626C17-F046-4375-95A7-8D14566E2A85}.Debug|Mixed Platforms.ActiveCfg = Debug|Any CPU
		{0E626C17-F046-4375-95A7-8D14566E2A85}.Debug|Mixed Platforms.Build.0 = Debug|Any CPU
		{0E626C17-F046-4375-95A7-8D14566E2A85}.Debug|x64.ActiveCfg = Debug|Any CPU
		{0E626C17-F046-4375-95A7-8D14566E2A85}.Debug|x64.Build.0 = Debug|Any CPU
		{0E626C17-F046-4375-95A7-8D14566E2A85}.Debug|x86.ActiveCfg = Debug|Any CPU
		{0E626C17-F046-4375-95A7-8D14566E2A85}.Debug|x86.Build.0 = Debug|Any CPU
		{0E626C17-F046-4375-95A7-8D14566E2A85}.Release|Any CPU.ActiveCfg = Release|Any CPU
		{0E626C17-F046-4375-95A7-8D14566E2A85}.Release|Any CPU.Build.0 = Release|Any CPU
		{0E626C17-F046-4375-95A7-8D14566E2A85}.Release|ARM.ActiveCfg = Release|Any CPU
		{0E626C17-F046-4375-95A7-8D14566E2A85}.Release|ARM.Build.0 = Release|Any CPU
		{0E626C17-F046-4375-95A7-8D14566E2A85}.Release|iPhone.ActiveCfg = Release|Any CPU
		{0E626C17-F046-4375-95A7-8D14566E2A85}.Release|iPhone.Build.0 = Release|Any CPU
		{0E626C17-F046-4375-95A7-8D14566E2A85}.Release|iPhoneSimulator.ActiveCfg = Release|Any CPU
		{0E626C17-F046-4375-95A7-8D14566E2A85}.Release|iPhoneSimulator.Build.0 = Release|Any CPU
		{0E626C17-F046-4375-95A7-8D14566E2A85}.Release|Mixed Platforms.ActiveCfg = Release|Any CPU
		{0E626C17-F046-4375-95A7-8D14566E2A85}.Release|Mixed Platforms.Build.0 = Release|Any CPU
		{0E626C17-F046-4375-95A7-8D14566E2A85}.Release|x64.ActiveCfg = Release|Any CPU
		{0E626C17-F046-4375-95A7-8D14566E2A85}.Release|x64.Build.0 = Release|Any CPU
		{0E626C17-F046-4375-95A7-8D14566E2A85}.Release|x86.ActiveCfg = Release|Any CPU
		{0E626C17-F046-4375-95A7-8D14566E2A85}.Release|x86.Build.0 = Release|Any CPU
		{9CB02373-DFB1-43B6-A265-1329F0C9C4E8}.Ad-Hoc|Any CPU.ActiveCfg = Release|Any CPU
		{9CB02373-DFB1-43B6-A265-1329F0C9C4E8}.Ad-Hoc|Any CPU.Build.0 = Release|Any CPU
		{9CB02373-DFB1-43B6-A265-1329F0C9C4E8}.Ad-Hoc|ARM.ActiveCfg = Release|Any CPU
		{9CB02373-DFB1-43B6-A265-1329F0C9C4E8}.Ad-Hoc|ARM.Build.0 = Release|Any CPU
		{9CB02373-DFB1-43B6-A265-1329F0C9C4E8}.Ad-Hoc|iPhone.ActiveCfg = Release|Any CPU
		{9CB02373-DFB1-43B6-A265-1329F0C9C4E8}.Ad-Hoc|iPhone.Build.0 = Release|Any CPU
		{9CB02373-DFB1-43B6-A265-1329F0C9C4E8}.Ad-Hoc|iPhoneSimulator.ActiveCfg = Release|Any CPU
		{9CB02373-DFB1-43B6-A265-1329F0C9C4E8}.Ad-Hoc|iPhoneSimulator.Build.0 = Release|Any CPU
		{9CB02373-DFB1-43B6-A265-1329F0C9C4E8}.Ad-Hoc|Mixed Platforms.ActiveCfg = Release|Any CPU
		{9CB02373-DFB1-43B6-A265-1329F0C9C4E8}.Ad-Hoc|Mixed Platforms.Build.0 = Release|Any CPU
		{9CB02373-DFB1-43B6-A265-1329F0C9C4E8}.Ad-Hoc|x64.ActiveCfg = Release|Any CPU
		{9CB02373-DFB1-43B6-A265-1329F0C9C4E8}.Ad-Hoc|x64.Build.0 = Release|Any CPU
		{9CB02373-DFB1-43B6-A265-1329F0C9C4E8}.Ad-Hoc|x86.ActiveCfg = Release|Any CPU
		{9CB02373-DFB1-43B6-A265-1329F0C9C4E8}.Ad-Hoc|x86.Build.0 = Release|Any CPU
		{9CB02373-DFB1-43B6-A265-1329F0C9C4E8}.AppStore|Any CPU.ActiveCfg = Release|Any CPU
		{9CB02373-DFB1-43B6-A265-1329F0C9C4E8}.AppStore|Any CPU.Build.0 = Release|Any CPU
		{9CB02373-DFB1-43B6-A265-1329F0C9C4E8}.AppStore|ARM.ActiveCfg = Release|Any CPU
		{9CB02373-DFB1-43B6-A265-1329F0C9C4E8}.AppStore|ARM.Build.0 = Release|Any CPU
		{9CB02373-DFB1-43B6-A265-1329F0C9C4E8}.AppStore|iPhone.ActiveCfg = Release|Any CPU
		{9CB02373-DFB1-43B6-A265-1329F0C9C4E8}.AppStore|iPhone.Build.0 = Release|Any CPU
		{9CB02373-DFB1-43B6-A265-1329F0C9C4E8}.AppStore|iPhoneSimulator.ActiveCfg = Release|Any CPU
		{9CB02373-DFB1-43B6-A265-1329F0C9C4E8}.AppStore|iPhoneSimulator.Build.0 = Release|Any CPU
		{9CB02373-DFB1-43B6-A265-1329F0C9C4E8}.AppStore|Mixed Platforms.ActiveCfg = Release|Any CPU
		{9CB02373-DFB1-43B6-A265-1329F0C9C4E8}.AppStore|Mixed Platforms.Build.0 = Release|Any CPU
		{9CB02373-DFB1-43B6-A265-1329F0C9C4E8}.AppStore|x64.ActiveCfg = Release|Any CPU
		{9CB02373-DFB1-43B6-A265-1329F0C9C4E8}.AppStore|x64.Build.0 = Release|Any CPU
		{9CB02373-DFB1-43B6-A265-1329F0C9C4E8}.AppStore|x86.ActiveCfg = Release|Any CPU
		{9CB02373-DFB1-43B6-A265-1329F0C9C4E8}.AppStore|x86.Build.0 = Release|Any CPU
		{9CB02373-DFB1-43B6-A265-1329F0C9C4E8}.Debug|Any CPU.ActiveCfg = Debug|Any CPU
		{9CB02373-DFB1-43B6-A265-1329F0C9C4E8}.Debug|Any CPU.Build.0 = Debug|Any CPU
		{9CB02373-DFB1-43B6-A265-1329F0C9C4E8}.Debug|ARM.ActiveCfg = Debug|Any CPU
		{9CB02373-DFB1-43B6-A265-1329F0C9C4E8}.Debug|ARM.Build.0 = Debug|Any CPU
		{9CB02373-DFB1-43B6-A265-1329F0C9C4E8}.Debug|iPhone.ActiveCfg = Debug|Any CPU
		{9CB02373-DFB1-43B6-A265-1329F0C9C4E8}.Debug|iPhone.Build.0 = Debug|Any CPU
		{9CB02373-DFB1-43B6-A265-1329F0C9C4E8}.Debug|iPhoneSimulator.ActiveCfg = Debug|Any CPU
		{9CB02373-DFB1-43B6-A265-1329F0C9C4E8}.Debug|iPhoneSimulator.Build.0 = Debug|Any CPU
		{9CB02373-DFB1-43B6-A265-1329F0C9C4E8}.Debug|Mixed Platforms.ActiveCfg = Debug|Any CPU
		{9CB02373-DFB1-43B6-A265-1329F0C9C4E8}.Debug|Mixed Platforms.Build.0 = Debug|Any CPU
		{9CB02373-DFB1-43B6-A265-1329F0C9C4E8}.Debug|x64.ActiveCfg = Debug|Any CPU
		{9CB02373-DFB1-43B6-A265-1329F0C9C4E8}.Debug|x64.Build.0 = Debug|Any CPU
		{9CB02373-DFB1-43B6-A265-1329F0C9C4E8}.Debug|x86.ActiveCfg = Debug|Any CPU
		{9CB02373-DFB1-43B6-A265-1329F0C9C4E8}.Debug|x86.Build.0 = Debug|Any CPU
		{9CB02373-DFB1-43B6-A265-1329F0C9C4E8}.Release|Any CPU.ActiveCfg = Release|Any CPU
		{9CB02373-DFB1-43B6-A265-1329F0C9C4E8}.Release|Any CPU.Build.0 = Release|Any CPU
		{9CB02373-DFB1-43B6-A265-1329F0C9C4E8}.Release|ARM.ActiveCfg = Release|Any CPU
		{9CB02373-DFB1-43B6-A265-1329F0C9C4E8}.Release|ARM.Build.0 = Release|Any CPU
		{9CB02373-DFB1-43B6-A265-1329F0C9C4E8}.Release|iPhone.ActiveCfg = Release|Any CPU
		{9CB02373-DFB1-43B6-A265-1329F0C9C4E8}.Release|iPhone.Build.0 = Release|Any CPU
		{9CB02373-DFB1-43B6-A265-1329F0C9C4E8}.Release|iPhoneSimulator.ActiveCfg = Release|Any CPU
		{9CB02373-DFB1-43B6-A265-1329F0C9C4E8}.Release|iPhoneSimulator.Build.0 = Release|Any CPU
		{9CB02373-DFB1-43B6-A265-1329F0C9C4E8}.Release|Mixed Platforms.ActiveCfg = Release|Any CPU
		{9CB02373-DFB1-43B6-A265-1329F0C9C4E8}.Release|Mixed Platforms.Build.0 = Release|Any CPU
		{9CB02373-DFB1-43B6-A265-1329F0C9C4E8}.Release|x64.ActiveCfg = Release|Any CPU
		{9CB02373-DFB1-43B6-A265-1329F0C9C4E8}.Release|x64.Build.0 = Release|Any CPU
		{9CB02373-DFB1-43B6-A265-1329F0C9C4E8}.Release|x86.ActiveCfg = Release|Any CPU
		{9CB02373-DFB1-43B6-A265-1329F0C9C4E8}.Release|x86.Build.0 = Release|Any CPU
	EndGlobalSection
	GlobalSection(SolutionProperties) = preSolution
		HideSolutionNode = FALSE
	EndGlobalSection
	GlobalSection(NestedProjects) = preSolution
		{5B3BEA58-EE5D-467C-9906-30176C0D4740} = {F5301BCB-39A0-4648-8B21-B903D4BF27A5}
		{D994FE0E-1E67-4D14-86E4-7ED5BC6129BC} = {F5301BCB-39A0-4648-8B21-B903D4BF27A5}
		{A8392497-FB01-4FC2-B8BE-D9444CCD8F12} = {F5301BCB-39A0-4648-8B21-B903D4BF27A5}
		{40400E4B-22A1-4E17-9C93-4A01D687A7B6} = {F5301BCB-39A0-4648-8B21-B903D4BF27A5}
		{CCE65918-6354-48AA-827E-18B81EF49F81} = {E25A4CD5-CD58-42CE-8A01-99C15263F98E}
		{43D5F13A-0CF6-4417-A352-D23701AECE79} = {F5301BCB-39A0-4648-8B21-B903D4BF27A5}
		{0E626C17-F046-4375-95A7-8D14566E2A85} = {F5301BCB-39A0-4648-8B21-B903D4BF27A5}
		{9CB02373-DFB1-43B6-A265-1329F0C9C4E8} = {F5301BCB-39A0-4648-8B21-B903D4BF27A5}
	EndGlobalSection
EndGlobal
